// !$*UTF8*$!
{
	archiveVersion = 1;
	classes = {
	};
	objectVersion = 51;
	objects = {

/* Begin PBXBuildFile section */
		2E5EFCAC75FB4D0506640D0E /* Pods_GH_StargazersTests.framework in Frameworks */ = {isa = PBXBuildFile; fileRef = 25B8BD3ECD5D5C11FAFD4D39 /* Pods_GH_StargazersTests.framework */; };
		884314602534A93D0057B54C /* StargazerTableViewCell.swift in Sources */ = {isa = PBXBuildFile; fileRef = 8843145F2534A93D0057B54C /* StargazerTableViewCell.swift */; };
		884314942536FDBD0057B54C /* HomeViewController.swift in Sources */ = {isa = PBXBuildFile; fileRef = 884314932536FDBC0057B54C /* HomeViewController.swift */; };
		888425262533ADB70071D600 /* AppDelegate.swift in Sources */ = {isa = PBXBuildFile; fileRef = 888425252533ADB70071D600 /* AppDelegate.swift */; };
		888425282533ADB70071D600 /* SceneDelegate.swift in Sources */ = {isa = PBXBuildFile; fileRef = 888425272533ADB70071D600 /* SceneDelegate.swift */; };
		8884252A2533ADB70071D600 /* StargazersViewController.swift in Sources */ = {isa = PBXBuildFile; fileRef = 888425292533ADB70071D600 /* StargazersViewController.swift */; };
		8884252D2533ADB70071D600 /* Main.storyboard in Resources */ = {isa = PBXBuildFile; fileRef = 8884252B2533ADB70071D600 /* Main.storyboard */; };
		8884252F2533ADBB0071D600 /* Assets.xcassets in Resources */ = {isa = PBXBuildFile; fileRef = 8884252E2533ADBB0071D600 /* Assets.xcassets */; };
		888425322533ADBB0071D600 /* LaunchScreen.storyboard in Resources */ = {isa = PBXBuildFile; fileRef = 888425302533ADBB0071D600 /* LaunchScreen.storyboard */; };
		8884253D2533ADBC0071D600 /* GH_StargazersTests.swift in Sources */ = {isa = PBXBuildFile; fileRef = 8884253C2533ADBC0071D600 /* GH_StargazersTests.swift */; };
		888425482533ADBC0071D600 /* GH_StargazersUITests.swift in Sources */ = {isa = PBXBuildFile; fileRef = 888425472533ADBC0071D600 /* GH_StargazersUITests.swift */; };
		888425692533B1E10071D600 /* Stargazer.swift in Sources */ = {isa = PBXBuildFile; fileRef = 888425682533B1E10071D600 /* Stargazer.swift */; };
		8884256E2533B5830071D600 /* StargazerViewModel.swift in Sources */ = {isa = PBXBuildFile; fileRef = 8884256D2533B5830071D600 /* StargazerViewModel.swift */; };
		889694062537643C00FDBA95 /* RequestError.swift in Sources */ = {isa = PBXBuildFile; fileRef = 889694052537643C00FDBA95 /* RequestError.swift */; };
		9AE164F25BD30220AE3CE589 /* Pods_GH_Stargazers.framework in Frameworks */ = {isa = PBXBuildFile; fileRef = EE8087FDF93BBAF912104D81 /* Pods_GH_Stargazers.framework */; };
		E6661A5703390D717C903030 /* Pods_GH_Stargazers_GH_StargazersUITests.framework in Frameworks */ = {isa = PBXBuildFile; fileRef = F076BBF332541DB8A0CDB3CA /* Pods_GH_Stargazers_GH_StargazersUITests.framework */; };
/* End PBXBuildFile section */

/* Begin PBXContainerItemProxy section */
		888425392533ADBB0071D600 /* PBXContainerItemProxy */ = {
			isa = PBXContainerItemProxy;
			containerPortal = 8884251A2533ADB60071D600 /* Project object */;
			proxyType = 1;
			remoteGlobalIDString = 888425212533ADB60071D600;
			remoteInfo = "GH Stargazers";
		};
		888425442533ADBC0071D600 /* PBXContainerItemProxy */ = {
			isa = PBXContainerItemProxy;
			containerPortal = 8884251A2533ADB60071D600 /* Project object */;
			proxyType = 1;
			remoteGlobalIDString = 888425212533ADB60071D600;
			remoteInfo = "GH Stargazers";
		};
/* End PBXContainerItemProxy section */

/* Begin PBXFileReference section */
		1C15426C1D01AFB3E55B6A94 /* Pods-GH StargazersTests.debug.xcconfig */ = {isa = PBXFileReference; includeInIndex = 1; lastKnownFileType = text.xcconfig; name = "Pods-GH StargazersTests.debug.xcconfig"; path = "Target Support Files/Pods-GH StargazersTests/Pods-GH StargazersTests.debug.xcconfig"; sourceTree = "<group>"; };
		2305A680FC7A9BC46E083E5D /* Pods-GH Stargazers.release.xcconfig */ = {isa = PBXFileReference; includeInIndex = 1; lastKnownFileType = text.xcconfig; name = "Pods-GH Stargazers.release.xcconfig"; path = "Target Support Files/Pods-GH Stargazers/Pods-GH Stargazers.release.xcconfig"; sourceTree = "<group>"; };
		25B8BD3ECD5D5C11FAFD4D39 /* Pods_GH_StargazersTests.framework */ = {isa = PBXFileReference; explicitFileType = wrapper.framework; includeInIndex = 0; path = Pods_GH_StargazersTests.framework; sourceTree = BUILT_PRODUCTS_DIR; };
		305791D6EDE4755E71A88A04 /* Pods-GH Stargazers.debug.xcconfig */ = {isa = PBXFileReference; includeInIndex = 1; lastKnownFileType = text.xcconfig; name = "Pods-GH Stargazers.debug.xcconfig"; path = "Target Support Files/Pods-GH Stargazers/Pods-GH Stargazers.debug.xcconfig"; sourceTree = "<group>"; };
		3A4A946510ED266A9FF50D22 /* Pods-GH Stargazers-GH StargazersUITests.release.xcconfig */ = {isa = PBXFileReference; includeInIndex = 1; lastKnownFileType = text.xcconfig; name = "Pods-GH Stargazers-GH StargazersUITests.release.xcconfig"; path = "Target Support Files/Pods-GH Stargazers-GH StargazersUITests/Pods-GH Stargazers-GH StargazersUITests.release.xcconfig"; sourceTree = "<group>"; };
		8843145F2534A93D0057B54C /* StargazerTableViewCell.swift */ = {isa = PBXFileReference; lastKnownFileType = sourcecode.swift; path = StargazerTableViewCell.swift; sourceTree = "<group>"; };
		884314932536FDBC0057B54C /* HomeViewController.swift */ = {isa = PBXFileReference; lastKnownFileType = sourcecode.swift; path = HomeViewController.swift; sourceTree = "<group>"; };
		888425222533ADB60071D600 /* GH Stargazers.app */ = {isa = PBXFileReference; explicitFileType = wrapper.application; includeInIndex = 0; path = "GH Stargazers.app"; sourceTree = BUILT_PRODUCTS_DIR; };
		888425252533ADB70071D600 /* AppDelegate.swift */ = {isa = PBXFileReference; lastKnownFileType = sourcecode.swift; path = AppDelegate.swift; sourceTree = "<group>"; };
		888425272533ADB70071D600 /* SceneDelegate.swift */ = {isa = PBXFileReference; lastKnownFileType = sourcecode.swift; path = SceneDelegate.swift; sourceTree = "<group>"; };
		888425292533ADB70071D600 /* StargazersViewController.swift */ = {isa = PBXFileReference; lastKnownFileType = sourcecode.swift; path = StargazersViewController.swift; sourceTree = "<group>"; };
		8884252C2533ADB70071D600 /* Base */ = {isa = PBXFileReference; lastKnownFileType = file.storyboard; name = Base; path = Base.lproj/Main.storyboard; sourceTree = "<group>"; };
		8884252E2533ADBB0071D600 /* Assets.xcassets */ = {isa = PBXFileReference; lastKnownFileType = folder.assetcatalog; path = Assets.xcassets; sourceTree = "<group>"; };
		888425312533ADBB0071D600 /* Base */ = {isa = PBXFileReference; lastKnownFileType = file.storyboard; name = Base; path = Base.lproj/LaunchScreen.storyboard; sourceTree = "<group>"; };
		888425332533ADBB0071D600 /* Info.plist */ = {isa = PBXFileReference; lastKnownFileType = text.plist.xml; path = Info.plist; sourceTree = "<group>"; };
		888425382533ADBB0071D600 /* GH StargazersTests.xctest */ = {isa = PBXFileReference; explicitFileType = wrapper.cfbundle; includeInIndex = 0; path = "GH StargazersTests.xctest"; sourceTree = BUILT_PRODUCTS_DIR; };
		8884253C2533ADBC0071D600 /* GH_StargazersTests.swift */ = {isa = PBXFileReference; lastKnownFileType = sourcecode.swift; path = GH_StargazersTests.swift; sourceTree = "<group>"; };
		8884253E2533ADBC0071D600 /* Info.plist */ = {isa = PBXFileReference; lastKnownFileType = text.plist.xml; path = Info.plist; sourceTree = "<group>"; };
		888425432533ADBC0071D600 /* GH StargazersUITests.xctest */ = {isa = PBXFileReference; explicitFileType = wrapper.cfbundle; includeInIndex = 0; path = "GH StargazersUITests.xctest"; sourceTree = BUILT_PRODUCTS_DIR; };
		888425472533ADBC0071D600 /* GH_StargazersUITests.swift */ = {isa = PBXFileReference; lastKnownFileType = sourcecode.swift; path = GH_StargazersUITests.swift; sourceTree = "<group>"; };
		888425492533ADBC0071D600 /* Info.plist */ = {isa = PBXFileReference; lastKnownFileType = text.plist.xml; path = Info.plist; sourceTree = "<group>"; };
		888425682533B1E10071D600 /* Stargazer.swift */ = {isa = PBXFileReference; lastKnownFileType = sourcecode.swift; path = Stargazer.swift; sourceTree = "<group>"; };
		8884256D2533B5830071D600 /* StargazerViewModel.swift */ = {isa = PBXFileReference; lastKnownFileType = sourcecode.swift; path = StargazerViewModel.swift; sourceTree = "<group>"; };
		889694052537643C00FDBA95 /* RequestError.swift */ = {isa = PBXFileReference; lastKnownFileType = sourcecode.swift; path = RequestError.swift; sourceTree = "<group>"; };
		92BBCA8C138606AD4FE30EBA /* Pods-GH Stargazers-GH StargazersUITests.debug.xcconfig */ = {isa = PBXFileReference; includeInIndex = 1; lastKnownFileType = text.xcconfig; name = "Pods-GH Stargazers-GH StargazersUITests.debug.xcconfig"; path = "Target Support Files/Pods-GH Stargazers-GH StargazersUITests/Pods-GH Stargazers-GH StargazersUITests.debug.xcconfig"; sourceTree = "<group>"; };
		AB8201D668F851879DC20976 /* Pods-GH StargazersTests.release.xcconfig */ = {isa = PBXFileReference; includeInIndex = 1; lastKnownFileType = text.xcconfig; name = "Pods-GH StargazersTests.release.xcconfig"; path = "Target Support Files/Pods-GH StargazersTests/Pods-GH StargazersTests.release.xcconfig"; sourceTree = "<group>"; };
		EE8087FDF93BBAF912104D81 /* Pods_GH_Stargazers.framework */ = {isa = PBXFileReference; explicitFileType = wrapper.framework; includeInIndex = 0; path = Pods_GH_Stargazers.framework; sourceTree = BUILT_PRODUCTS_DIR; };
		F076BBF332541DB8A0CDB3CA /* Pods_GH_Stargazers_GH_StargazersUITests.framework */ = {isa = PBXFileReference; explicitFileType = wrapper.framework; includeInIndex = 0; path = Pods_GH_Stargazers_GH_StargazersUITests.framework; sourceTree = BUILT_PRODUCTS_DIR; };
/* End PBXFileReference section */

/* Begin PBXFrameworksBuildPhase section */
		8884251F2533ADB60071D600 /* Frameworks */ = {
			isa = PBXFrameworksBuildPhase;
			buildActionMask = 2147483647;
			files = (
				9AE164F25BD30220AE3CE589 /* Pods_GH_Stargazers.framework in Frameworks */,
			);
			runOnlyForDeploymentPostprocessing = 0;
		};
		888425352533ADBB0071D600 /* Frameworks */ = {
			isa = PBXFrameworksBuildPhase;
			buildActionMask = 2147483647;
			files = (
				2E5EFCAC75FB4D0506640D0E /* Pods_GH_StargazersTests.framework in Frameworks */,
			);
			runOnlyForDeploymentPostprocessing = 0;
		};
		888425402533ADBC0071D600 /* Frameworks */ = {
			isa = PBXFrameworksBuildPhase;
			buildActionMask = 2147483647;
			files = (
				E6661A5703390D717C903030 /* Pods_GH_Stargazers_GH_StargazersUITests.framework in Frameworks */,
			);
			runOnlyForDeploymentPostprocessing = 0;
		};
/* End PBXFrameworksBuildPhase section */

/* Begin PBXGroup section */
		42EB71D97EDD7BFA0BCCCE7B /* Frameworks */ = {
			isa = PBXGroup;
			children = (
				EE8087FDF93BBAF912104D81 /* Pods_GH_Stargazers.framework */,
				F076BBF332541DB8A0CDB3CA /* Pods_GH_Stargazers_GH_StargazersUITests.framework */,
				25B8BD3ECD5D5C11FAFD4D39 /* Pods_GH_StargazersTests.framework */,
			);
			name = Frameworks;
			sourceTree = "<group>";
		};
		884314862536EF540057B54C /* Models */ = {
			isa = PBXGroup;
			children = (
				888425682533B1E10071D600 /* Stargazer.swift */,
				889694052537643C00FDBA95 /* RequestError.swift */,
			);
			path = Models;
			sourceTree = "<group>";
		};
		884314872536EF720057B54C /* Views */ = {
			isa = PBXGroup;
			children = (
				8843145F2534A93D0057B54C /* StargazerTableViewCell.swift */,
			);
			path = Views;
			sourceTree = "<group>";
		};
		884314882536EF7A0057B54C /* ViewModels */ = {
			isa = PBXGroup;
			children = (
				8884256D2533B5830071D600 /* StargazerViewModel.swift */,
			);
			path = ViewModels;
			sourceTree = "<group>";
		};
		884314892536EF910057B54C /* ViewControllers */ = {
			isa = PBXGroup;
			children = (
				884314932536FDBC0057B54C /* HomeViewController.swift */,
				888425292533ADB70071D600 /* StargazersViewController.swift */,
			);
			path = ViewControllers;
			sourceTree = "<group>";
		};
		888425192533ADB60071D600 = {
			isa = PBXGroup;
			children = (
				888425242533ADB60071D600 /* GH Stargazers */,
				8884253B2533ADBC0071D600 /* GH StargazersTests */,
				888425462533ADBC0071D600 /* GH StargazersUITests */,
				888425232533ADB60071D600 /* Products */,
				8EEAF5E78C98704468019C8D /* Pods */,
				42EB71D97EDD7BFA0BCCCE7B /* Frameworks */,
			);
			sourceTree = "<group>";
		};
		888425232533ADB60071D600 /* Products */ = {
			isa = PBXGroup;
			children = (
				888425222533ADB60071D600 /* GH Stargazers.app */,
				888425382533ADBB0071D600 /* GH StargazersTests.xctest */,
				888425432533ADBC0071D600 /* GH StargazersUITests.xctest */,
			);
			name = Products;
			sourceTree = "<group>";
		};
		888425242533ADB60071D600 /* GH Stargazers */ = {
			isa = PBXGroup;
			children = (
				884314892536EF910057B54C /* ViewControllers */,
				884314862536EF540057B54C /* Models */,
				884314872536EF720057B54C /* Views */,
				884314882536EF7A0057B54C /* ViewModels */,
				888425252533ADB70071D600 /* AppDelegate.swift */,
				888425272533ADB70071D600 /* SceneDelegate.swift */,
				8884252B2533ADB70071D600 /* Main.storyboard */,
				8884252E2533ADBB0071D600 /* Assets.xcassets */,
				888425302533ADBB0071D600 /* LaunchScreen.storyboard */,
				888425332533ADBB0071D600 /* Info.plist */,
			);
			path = "GH Stargazers";
			sourceTree = "<group>";
		};
		8884253B2533ADBC0071D600 /* GH StargazersTests */ = {
			isa = PBXGroup;
			children = (
				8884253C2533ADBC0071D600 /* GH_StargazersTests.swift */,
				8884253E2533ADBC0071D600 /* Info.plist */,
			);
			path = "GH StargazersTests";
			sourceTree = "<group>";
		};
		888425462533ADBC0071D600 /* GH StargazersUITests */ = {
			isa = PBXGroup;
			children = (
				888425472533ADBC0071D600 /* GH_StargazersUITests.swift */,
				888425492533ADBC0071D600 /* Info.plist */,
			);
			path = "GH StargazersUITests";
			sourceTree = "<group>";
		};
		8EEAF5E78C98704468019C8D /* Pods */ = {
			isa = PBXGroup;
			children = (
				305791D6EDE4755E71A88A04 /* Pods-GH Stargazers.debug.xcconfig */,
				2305A680FC7A9BC46E083E5D /* Pods-GH Stargazers.release.xcconfig */,
				92BBCA8C138606AD4FE30EBA /* Pods-GH Stargazers-GH StargazersUITests.debug.xcconfig */,
				3A4A946510ED266A9FF50D22 /* Pods-GH Stargazers-GH StargazersUITests.release.xcconfig */,
				1C15426C1D01AFB3E55B6A94 /* Pods-GH StargazersTests.debug.xcconfig */,
				AB8201D668F851879DC20976 /* Pods-GH StargazersTests.release.xcconfig */,
			);
			path = Pods;
			sourceTree = "<group>";
		};
/* End PBXGroup section */

/* Begin PBXNativeTarget section */
		888425212533ADB60071D600 /* GH Stargazers */ = {
			isa = PBXNativeTarget;
			buildConfigurationList = 8884254C2533ADBC0071D600 /* Build configuration list for PBXNativeTarget "GH Stargazers" */;
			buildPhases = (
				F7FE519296A9C8BEA7431498 /* [CP] Check Pods Manifest.lock */,
				8884251E2533ADB60071D600 /* Sources */,
				8884251F2533ADB60071D600 /* Frameworks */,
				888425202533ADB60071D600 /* Resources */,
				87FD08795DC6FEE3086ECB5C /* [CP] Embed Pods Frameworks */,
			);
			buildRules = (
			);
			dependencies = (
			);
			name = "GH Stargazers";
			productName = "GH Stargazers";
			productReference = 888425222533ADB60071D600 /* GH Stargazers.app */;
			productType = "com.apple.product-type.application";
		};
		888425372533ADBB0071D600 /* GH StargazersTests */ = {
			isa = PBXNativeTarget;
			buildConfigurationList = 8884254F2533ADBC0071D600 /* Build configuration list for PBXNativeTarget "GH StargazersTests" */;
			buildPhases = (
				F46B647ECFFCA4895C365ADA /* [CP] Check Pods Manifest.lock */,
				888425342533ADBB0071D600 /* Sources */,
				888425352533ADBB0071D600 /* Frameworks */,
				888425362533ADBB0071D600 /* Resources */,
			);
			buildRules = (
			);
			dependencies = (
				8884253A2533ADBB0071D600 /* PBXTargetDependency */,
			);
			name = "GH StargazersTests";
			productName = "GH StargazersTests";
			productReference = 888425382533ADBB0071D600 /* GH StargazersTests.xctest */;
			productType = "com.apple.product-type.bundle.unit-test";
		};
		888425422533ADBC0071D600 /* GH StargazersUITests */ = {
			isa = PBXNativeTarget;
			buildConfigurationList = 888425522533ADBC0071D600 /* Build configuration list for PBXNativeTarget "GH StargazersUITests" */;
			buildPhases = (
				963E739956EAB1DBB507AE40 /* [CP] Check Pods Manifest.lock */,
				8884253F2533ADBC0071D600 /* Sources */,
				888425402533ADBC0071D600 /* Frameworks */,
				888425412533ADBC0071D600 /* Resources */,
				2E664F3D711531B5D53108FE /* [CP] Embed Pods Frameworks */,
			);
			buildRules = (
			);
			dependencies = (
				888425452533ADBC0071D600 /* PBXTargetDependency */,
			);
			name = "GH StargazersUITests";
			productName = "GH StargazersUITests";
			productReference = 888425432533ADBC0071D600 /* GH StargazersUITests.xctest */;
			productType = "com.apple.product-type.bundle.ui-testing";
		};
/* End PBXNativeTarget section */

/* Begin PBXProject section */
		8884251A2533ADB60071D600 /* Project object */ = {
			isa = PBXProject;
			attributes = {
				LastSwiftUpdateCheck = 1200;
				LastUpgradeCheck = 1200;
				TargetAttributes = {
					888425212533ADB60071D600 = {
						CreatedOnToolsVersion = 12.0.1;
					};
					888425372533ADBB0071D600 = {
						CreatedOnToolsVersion = 12.0.1;
						TestTargetID = 888425212533ADB60071D600;
					};
					888425422533ADBC0071D600 = {
						CreatedOnToolsVersion = 12.0.1;
						TestTargetID = 888425212533ADB60071D600;
					};
				};
			};
			buildConfigurationList = 8884251D2533ADB60071D600 /* Build configuration list for PBXProject "GH Stargazers" */;
			compatibilityVersion = "Xcode 9.3";
			developmentRegion = en;
			hasScannedForEncodings = 0;
			knownRegions = (
				en,
				Base,
			);
			mainGroup = 888425192533ADB60071D600;
			productRefGroup = 888425232533ADB60071D600 /* Products */;
			projectDirPath = "";
			projectRoot = "";
			targets = (
				888425212533ADB60071D600 /* GH Stargazers */,
				888425372533ADBB0071D600 /* GH StargazersTests */,
				888425422533ADBC0071D600 /* GH StargazersUITests */,
			);
		};
/* End PBXProject section */

/* Begin PBXResourcesBuildPhase section */
		888425202533ADB60071D600 /* Resources */ = {
			isa = PBXResourcesBuildPhase;
			buildActionMask = 2147483647;
			files = (
				888425322533ADBB0071D600 /* LaunchScreen.storyboard in Resources */,
				8884252F2533ADBB0071D600 /* Assets.xcassets in Resources */,
				8884252D2533ADB70071D600 /* Main.storyboard in Resources */,
			);
			runOnlyForDeploymentPostprocessing = 0;
		};
		888425362533ADBB0071D600 /* Resources */ = {
			isa = PBXResourcesBuildPhase;
			buildActionMask = 2147483647;
			files = (
			);
			runOnlyForDeploymentPostprocessing = 0;
		};
		888425412533ADBC0071D600 /* Resources */ = {
			isa = PBXResourcesBuildPhase;
			buildActionMask = 2147483647;
			files = (
			);
			runOnlyForDeploymentPostprocessing = 0;
		};
/* End PBXResourcesBuildPhase section */

/* Begin PBXShellScriptBuildPhase section */
		2E664F3D711531B5D53108FE /* [CP] Embed Pods Frameworks */ = {
			isa = PBXShellScriptBuildPhase;
			buildActionMask = 2147483647;
			files = (
			);
			inputFileListPaths = (
				"${PODS_ROOT}/Target Support Files/Pods-GH Stargazers-GH StargazersUITests/Pods-GH Stargazers-GH StargazersUITests-frameworks-${CONFIGURATION}-input-files.xcfilelist",
			);
			name = "[CP] Embed Pods Frameworks";
			outputFileListPaths = (
				"${PODS_ROOT}/Target Support Files/Pods-GH Stargazers-GH StargazersUITests/Pods-GH Stargazers-GH StargazersUITests-frameworks-${CONFIGURATION}-output-files.xcfilelist",
			);
			runOnlyForDeploymentPostprocessing = 0;
			shellPath = /bin/sh;
			shellScript = "\"${PODS_ROOT}/Target Support Files/Pods-GH Stargazers-GH StargazersUITests/Pods-GH Stargazers-GH StargazersUITests-frameworks.sh\"\n";
			showEnvVarsInLog = 0;
		};
		87FD08795DC6FEE3086ECB5C /* [CP] Embed Pods Frameworks */ = {
			isa = PBXShellScriptBuildPhase;
			buildActionMask = 2147483647;
			files = (
			);
			inputFileListPaths = (
				"${PODS_ROOT}/Target Support Files/Pods-GH Stargazers/Pods-GH Stargazers-frameworks-${CONFIGURATION}-input-files.xcfilelist",
			);
			name = "[CP] Embed Pods Frameworks";
			outputFileListPaths = (
				"${PODS_ROOT}/Target Support Files/Pods-GH Stargazers/Pods-GH Stargazers-frameworks-${CONFIGURATION}-output-files.xcfilelist",
			);
			runOnlyForDeploymentPostprocessing = 0;
			shellPath = /bin/sh;
			shellScript = "\"${PODS_ROOT}/Target Support Files/Pods-GH Stargazers/Pods-GH Stargazers-frameworks.sh\"\n";
			showEnvVarsInLog = 0;
		};
		963E739956EAB1DBB507AE40 /* [CP] Check Pods Manifest.lock */ = {
			isa = PBXShellScriptBuildPhase;
			buildActionMask = 2147483647;
			files = (
			);
			inputFileListPaths = (
			);
			inputPaths = (
				"${PODS_PODFILE_DIR_PATH}/Podfile.lock",
				"${PODS_ROOT}/Manifest.lock",
			);
			name = "[CP] Check Pods Manifest.lock";
			outputFileListPaths = (
			);
			outputPaths = (
				"$(DERIVED_FILE_DIR)/Pods-GH Stargazers-GH StargazersUITests-checkManifestLockResult.txt",
			);
			runOnlyForDeploymentPostprocessing = 0;
			shellPath = /bin/sh;
			shellScript = "diff \"${PODS_PODFILE_DIR_PATH}/Podfile.lock\" \"${PODS_ROOT}/Manifest.lock\" > /dev/null\nif [ $? != 0 ] ; then\n    # print error to STDERR\n    echo \"error: The sandbox is not in sync with the Podfile.lock. Run 'pod install' or update your CocoaPods installation.\" >&2\n    exit 1\nfi\n# This output is used by Xcode 'outputs' to avoid re-running this script phase.\necho \"SUCCESS\" > \"${SCRIPT_OUTPUT_FILE_0}\"\n";
			showEnvVarsInLog = 0;
		};
		F46B647ECFFCA4895C365ADA /* [CP] Check Pods Manifest.lock */ = {
			isa = PBXShellScriptBuildPhase;
			buildActionMask = 2147483647;
			files = (
			);
			inputFileListPaths = (
			);
			inputPaths = (
				"${PODS_PODFILE_DIR_PATH}/Podfile.lock",
				"${PODS_ROOT}/Manifest.lock",
			);
			name = "[CP] Check Pods Manifest.lock";
			outputFileListPaths = (
			);
			outputPaths = (
				"$(DERIVED_FILE_DIR)/Pods-GH StargazersTests-checkManifestLockResult.txt",
			);
			runOnlyForDeploymentPostprocessing = 0;
			shellPath = /bin/sh;
			shellScript = "diff \"${PODS_PODFILE_DIR_PATH}/Podfile.lock\" \"${PODS_ROOT}/Manifest.lock\" > /dev/null\nif [ $? != 0 ] ; then\n    # print error to STDERR\n    echo \"error: The sandbox is not in sync with the Podfile.lock. Run 'pod install' or update your CocoaPods installation.\" >&2\n    exit 1\nfi\n# This output is used by Xcode 'outputs' to avoid re-running this script phase.\necho \"SUCCESS\" > \"${SCRIPT_OUTPUT_FILE_0}\"\n";
			showEnvVarsInLog = 0;
		};
		F7FE519296A9C8BEA7431498 /* [CP] Check Pods Manifest.lock */ = {
			isa = PBXShellScriptBuildPhase;
			buildActionMask = 2147483647;
			files = (
			);
			inputFileListPaths = (
			);
			inputPaths = (
				"${PODS_PODFILE_DIR_PATH}/Podfile.lock",
				"${PODS_ROOT}/Manifest.lock",
			);
			name = "[CP] Check Pods Manifest.lock";
			outputFileListPaths = (
			);
			outputPaths = (
				"$(DERIVED_FILE_DIR)/Pods-GH Stargazers-checkManifestLockResult.txt",
			);
			runOnlyForDeploymentPostprocessing = 0;
			shellPath = /bin/sh;
			shellScript = "diff \"${PODS_PODFILE_DIR_PATH}/Podfile.lock\" \"${PODS_ROOT}/Manifest.lock\" > /dev/null\nif [ $? != 0 ] ; then\n    # print error to STDERR\n    echo \"error: The sandbox is not in sync with the Podfile.lock. Run 'pod install' or update your CocoaPods installation.\" >&2\n    exit 1\nfi\n# This output is used by Xcode 'outputs' to avoid re-running this script phase.\necho \"SUCCESS\" > \"${SCRIPT_OUTPUT_FILE_0}\"\n";
			showEnvVarsInLog = 0;
		};
/* End PBXShellScriptBuildPhase section */

/* Begin PBXSourcesBuildPhase section */
		8884251E2533ADB60071D600 /* Sources */ = {
			isa = PBXSourcesBuildPhase;
			buildActionMask = 2147483647;
			files = (
				889694062537643C00FDBA95 /* RequestError.swift in Sources */,
				8884256E2533B5830071D600 /* StargazerViewModel.swift in Sources */,
				8884252A2533ADB70071D600 /* StargazersViewController.swift in Sources */,
				888425692533B1E10071D600 /* Stargazer.swift in Sources */,
				888425262533ADB70071D600 /* AppDelegate.swift in Sources */,
				884314602534A93D0057B54C /* StargazerTableViewCell.swift in Sources */,
				884314942536FDBD0057B54C /* HomeViewController.swift in Sources */,
				888425282533ADB70071D600 /* SceneDelegate.swift in Sources */,
			);
			runOnlyForDeploymentPostprocessing = 0;
		};
		888425342533ADBB0071D600 /* Sources */ = {
			isa = PBXSourcesBuildPhase;
			buildActionMask = 2147483647;
			files = (
				8884253D2533ADBC0071D600 /* GH_StargazersTests.swift in Sources */,
			);
			runOnlyForDeploymentPostprocessing = 0;
		};
		8884253F2533ADBC0071D600 /* Sources */ = {
			isa = PBXSourcesBuildPhase;
			buildActionMask = 2147483647;
			files = (
				888425482533ADBC0071D600 /* GH_StargazersUITests.swift in Sources */,
			);
			runOnlyForDeploymentPostprocessing = 0;
		};
/* End PBXSourcesBuildPhase section */

/* Begin PBXTargetDependency section */
		8884253A2533ADBB0071D600 /* PBXTargetDependency */ = {
			isa = PBXTargetDependency;
			target = 888425212533ADB60071D600 /* GH Stargazers */;
			targetProxy = 888425392533ADBB0071D600 /* PBXContainerItemProxy */;
		};
		888425452533ADBC0071D600 /* PBXTargetDependency */ = {
			isa = PBXTargetDependency;
			target = 888425212533ADB60071D600 /* GH Stargazers */;
			targetProxy = 888425442533ADBC0071D600 /* PBXContainerItemProxy */;
		};
/* End PBXTargetDependency section */

/* Begin PBXVariantGroup section */
		8884252B2533ADB70071D600 /* Main.storyboard */ = {
			isa = PBXVariantGroup;
			children = (
				8884252C2533ADB70071D600 /* Base */,
			);
			name = Main.storyboard;
			sourceTree = "<group>";
		};
		888425302533ADBB0071D600 /* LaunchScreen.storyboard */ = {
			isa = PBXVariantGroup;
			children = (
				888425312533ADBB0071D600 /* Base */,
			);
			name = LaunchScreen.storyboard;
			sourceTree = "<group>";
		};
/* End PBXVariantGroup section */

/* Begin XCBuildConfiguration section */
		8884254A2533ADBC0071D600 /* Debug */ = {
			isa = XCBuildConfiguration;
			buildSettings = {
				ALWAYS_SEARCH_USER_PATHS = NO;
				CLANG_ANALYZER_NONNULL = YES;
				CLANG_ANALYZER_NUMBER_OBJECT_CONVERSION = YES_AGGRESSIVE;
				CLANG_CXX_LANGUAGE_STANDARD = "gnu++14";
				CLANG_CXX_LIBRARY = "libc++";
				CLANG_ENABLE_MODULES = YES;
				CLANG_ENABLE_OBJC_ARC = YES;
				CLANG_ENABLE_OBJC_WEAK = YES;
				CLANG_WARN_BLOCK_CAPTURE_AUTORELEASING = YES;
				CLANG_WARN_BOOL_CONVERSION = YES;
				CLANG_WARN_COMMA = YES;
				CLANG_WARN_CONSTANT_CONVERSION = YES;
				CLANG_WARN_DEPRECATED_OBJC_IMPLEMENTATIONS = YES;
				CLANG_WARN_DIRECT_OBJC_ISA_USAGE = YES_ERROR;
				CLANG_WARN_DOCUMENTATION_COMMENTS = YES;
				CLANG_WARN_EMPTY_BODY = YES;
				CLANG_WARN_ENUM_CONVERSION = YES;
				CLANG_WARN_INFINITE_RECURSION = YES;
				CLANG_WARN_INT_CONVERSION = YES;
				CLANG_WARN_NON_LITERAL_NULL_CONVERSION = YES;
				CLANG_WARN_OBJC_IMPLICIT_RETAIN_SELF = YES;
				CLANG_WARN_OBJC_LITERAL_CONVERSION = YES;
				CLANG_WARN_OBJC_ROOT_CLASS = YES_ERROR;
				CLANG_WARN_QUOTED_INCLUDE_IN_FRAMEWORK_HEADER = YES;
				CLANG_WARN_RANGE_LOOP_ANALYSIS = YES;
				CLANG_WARN_STRICT_PROTOTYPES = YES;
				CLANG_WARN_SUSPICIOUS_MOVE = YES;
				CLANG_WARN_UNGUARDED_AVAILABILITY = YES_AGGRESSIVE;
				CLANG_WARN_UNREACHABLE_CODE = YES;
				CLANG_WARN__DUPLICATE_METHOD_MATCH = YES;
				COPY_PHASE_STRIP = NO;
				DEBUG_INFORMATION_FORMAT = dwarf;
				ENABLE_STRICT_OBJC_MSGSEND = YES;
				ENABLE_TESTABILITY = YES;
				GCC_C_LANGUAGE_STANDARD = gnu11;
				GCC_DYNAMIC_NO_PIC = NO;
				GCC_NO_COMMON_BLOCKS = YES;
				GCC_OPTIMIZATION_LEVEL = 0;
				GCC_PREPROCESSOR_DEFINITIONS = (
					"DEBUG=1",
					"$(inherited)",
				);
				GCC_WARN_64_TO_32_BIT_CONVERSION = YES;
				GCC_WARN_ABOUT_RETURN_TYPE = YES_ERROR;
				GCC_WARN_UNDECLARED_SELECTOR = YES;
				GCC_WARN_UNINITIALIZED_AUTOS = YES_AGGRESSIVE;
				GCC_WARN_UNUSED_FUNCTION = YES;
				GCC_WARN_UNUSED_VARIABLE = YES;
				IPHONEOS_DEPLOYMENT_TARGET = 13.1;
				MTL_ENABLE_DEBUG_INFO = INCLUDE_SOURCE;
				MTL_FAST_MATH = YES;
				ONLY_ACTIVE_ARCH = YES;
				SDKROOT = iphoneos;
				SWIFT_ACTIVE_COMPILATION_CONDITIONS = DEBUG;
				SWIFT_OPTIMIZATION_LEVEL = "-Onone";
			};
			name = Debug;
		};
		8884254B2533ADBC0071D600 /* Release */ = {
			isa = XCBuildConfiguration;
			buildSettings = {
				ALWAYS_SEARCH_USER_PATHS = NO;
				CLANG_ANALYZER_NONNULL = YES;
				CLANG_ANALYZER_NUMBER_OBJECT_CONVERSION = YES_AGGRESSIVE;
				CLANG_CXX_LANGUAGE_STANDARD = "gnu++14";
				CLANG_CXX_LIBRARY = "libc++";
				CLANG_ENABLE_MODULES = YES;
				CLANG_ENABLE_OBJC_ARC = YES;
				CLANG_ENABLE_OBJC_WEAK = YES;
				CLANG_WARN_BLOCK_CAPTURE_AUTORELEASING = YES;
				CLANG_WARN_BOOL_CONVERSION = YES;
				CLANG_WARN_COMMA = YES;
				CLANG_WARN_CONSTANT_CONVERSION = YES;
				CLANG_WARN_DEPRECATED_OBJC_IMPLEMENTATIONS = YES;
				CLANG_WARN_DIRECT_OBJC_ISA_USAGE = YES_ERROR;
				CLANG_WARN_DOCUMENTATION_COMMENTS = YES;
				CLANG_WARN_EMPTY_BODY = YES;
				CLANG_WARN_ENUM_CONVERSION = YES;
				CLANG_WARN_INFINITE_RECURSION = YES;
				CLANG_WARN_INT_CONVERSION = YES;
				CLANG_WARN_NON_LITERAL_NULL_CONVERSION = YES;
				CLANG_WARN_OBJC_IMPLICIT_RETAIN_SELF = YES;
				CLANG_WARN_OBJC_LITERAL_CONVERSION = YES;
				CLANG_WARN_OBJC_ROOT_CLASS = YES_ERROR;
				CLANG_WARN_QUOTED_INCLUDE_IN_FRAMEWORK_HEADER = YES;
				CLANG_WARN_RANGE_LOOP_ANALYSIS = YES;
				CLANG_WARN_STRICT_PROTOTYPES = YES;
				CLANG_WARN_SUSPICIOUS_MOVE = YES;
				CLANG_WARN_UNGUARDED_AVAILABILITY = YES_AGGRESSIVE;
				CLANG_WARN_UNREACHABLE_CODE = YES;
				CLANG_WARN__DUPLICATE_METHOD_MATCH = YES;
				COPY_PHASE_STRIP = NO;
				DEBUG_INFORMATION_FORMAT = "dwarf-with-dsym";
				ENABLE_NS_ASSERTIONS = NO;
				ENABLE_STRICT_OBJC_MSGSEND = YES;
				GCC_C_LANGUAGE_STANDARD = gnu11;
				GCC_NO_COMMON_BLOCKS = YES;
				GCC_WARN_64_TO_32_BIT_CONVERSION = YES;
				GCC_WARN_ABOUT_RETURN_TYPE = YES_ERROR;
				GCC_WARN_UNDECLARED_SELECTOR = YES;
				GCC_WARN_UNINITIALIZED_AUTOS = YES_AGGRESSIVE;
				GCC_WARN_UNUSED_FUNCTION = YES;
				GCC_WARN_UNUSED_VARIABLE = YES;
				IPHONEOS_DEPLOYMENT_TARGET = 13.1;
				MTL_ENABLE_DEBUG_INFO = NO;
				MTL_FAST_MATH = YES;
				SDKROOT = iphoneos;
				SWIFT_COMPILATION_MODE = wholemodule;
				SWIFT_OPTIMIZATION_LEVEL = "-O";
				VALIDATE_PRODUCT = YES;
			};
			name = Release;
		};
		8884254D2533ADBC0071D600 /* Debug */ = {
			isa = XCBuildConfiguration;
			baseConfigurationReference = 305791D6EDE4755E71A88A04 /* Pods-GH Stargazers.debug.xcconfig */;
			buildSettings = {
				ASSETCATALOG_COMPILER_APPICON_NAME = AppIcon;
				ASSETCATALOG_COMPILER_GLOBAL_ACCENT_COLOR_NAME = AccentColor;
				CODE_SIGN_STYLE = Automatic;
				DEVELOPMENT_TEAM = 6YGP3HBLG5;
				INFOPLIST_FILE = "GH Stargazers/Info.plist";
				LD_RUNPATH_SEARCH_PATHS = (
					"$(inherited)",
					"@executable_path/Frameworks",
				);
				PRODUCT_BUNDLE_IDENTIFIER = "com.ecarnevale.GH-Stargazers";
				PRODUCT_NAME = "$(TARGET_NAME)";
				SWIFT_VERSION = 5.0;
				TARGETED_DEVICE_FAMILY = "1,2";
			};
			name = Debug;
		};
		8884254E2533ADBC0071D600 /* Release */ = {
			isa = XCBuildConfiguration;
			baseConfigurationReference = 2305A680FC7A9BC46E083E5D /* Pods-GH Stargazers.release.xcconfig */;
			buildSettings = {
				ASSETCATALOG_COMPILER_APPICON_NAME = AppIcon;
				ASSETCATALOG_COMPILER_GLOBAL_ACCENT_COLOR_NAME = AccentColor;
				CODE_SIGN_STYLE = Automatic;
				DEVELOPMENT_TEAM = 6YGP3HBLG5;
				INFOPLIST_FILE = "GH Stargazers/Info.plist";
				LD_RUNPATH_SEARCH_PATHS = (
					"$(inherited)",
					"@executable_path/Frameworks",
				);
				PRODUCT_BUNDLE_IDENTIFIER = "com.ecarnevale.GH-Stargazers";
				PRODUCT_NAME = "$(TARGET_NAME)";
				SWIFT_VERSION = 5.0;
				TARGETED_DEVICE_FAMILY = "1,2";
			};
			name = Release;
		};
		888425502533ADBC0071D600 /* Debug */ = {
			isa = XCBuildConfiguration;
			baseConfigurationReference = 1C15426C1D01AFB3E55B6A94 /* Pods-GH StargazersTests.debug.xcconfig */;
			buildSettings = {
				ALWAYS_EMBED_SWIFT_STANDARD_LIBRARIES = YES;
				BUNDLE_LOADER = "$(TEST_HOST)";
				CODE_SIGN_STYLE = Automatic;
				DEVELOPMENT_TEAM = 6YGP3HBLG5;
				INFOPLIST_FILE = "GH StargazersTests/Info.plist";
				IPHONEOS_DEPLOYMENT_TARGET = 14.0;
				LD_RUNPATH_SEARCH_PATHS = (
					"$(inherited)",
					"@executable_path/Frameworks",
					"@loader_path/Frameworks",
				);
				PRODUCT_BUNDLE_IDENTIFIER = "com.ecarnevale.GH-StargazersTests";
				PRODUCT_NAME = "$(TARGET_NAME)";
				SWIFT_VERSION = 5.0;
				TARGETED_DEVICE_FAMILY = "1,2";
				TEST_HOST = "$(BUILT_PRODUCTS_DIR)/GH Stargazers.app/GH Stargazers";
			};
			name = Debug;
		};
		888425512533ADBC0071D600 /* Release */ = {
			isa = XCBuildConfiguration;
			baseConfigurationReference = AB8201D668F851879DC20976 /* Pods-GH StargazersTests.release.xcconfig */;
			buildSettings = {
				ALWAYS_EMBED_SWIFT_STANDARD_LIBRARIES = YES;
				BUNDLE_LOADER = "$(TEST_HOST)";
				CODE_SIGN_STYLE = Automatic;
				DEVELOPMENT_TEAM = 6YGP3HBLG5;
				INFOPLIST_FILE = "GH StargazersTests/Info.plist";
				IPHONEOS_DEPLOYMENT_TARGET = 14.0;
				LD_RUNPATH_SEARCH_PATHS = (
					"$(inherited)",
					"@executable_path/Frameworks",
					"@loader_path/Frameworks",
				);
				PRODUCT_BUNDLE_IDENTIFIER = "com.ecarnevale.GH-StargazersTests";
				PRODUCT_NAME = "$(TARGET_NAME)";
				SWIFT_VERSION = 5.0;
				TARGETED_DEVICE_FAMILY = "1,2";
				TEST_HOST = "$(BUILT_PRODUCTS_DIR)/GH Stargazers.app/GH Stargazers";
			};
			name = Release;
		};
		888425532533ADBC0071D600 /* Debug */ = {
			isa = XCBuildConfiguration;
			baseConfigurationReference = 92BBCA8C138606AD4FE30EBA /* Pods-GH Stargazers-GH StargazersUITests.debug.xcconfig */;
			buildSettings = {
				ALWAYS_EMBED_SWIFT_STANDARD_LIBRARIES = YES;
				CODE_SIGN_STYLE = Automatic;
				DEVELOPMENT_TEAM = 6YGP3HBLG5;
				INFOPLIST_FILE = "GH StargazersUITests/Info.plist";
				LD_RUNPATH_SEARCH_PATHS = (
					"$(inherited)",
					"@executable_path/Frameworks",
					"@loader_path/Frameworks",
				);
				PRODUCT_BUNDLE_IDENTIFIER = "com.ecarnevale.GH-StargazersUITests";
				PRODUCT_NAME = "$(TARGET_NAME)";
				SWIFT_VERSION = 5.0;
				TARGETED_DEVICE_FAMILY = "1,2";
				TEST_TARGET_NAME = "GH Stargazers";
			};
			name = Debug;
		};
		888425542533ADBC0071D600 /* Release */ = {
			isa = XCBuildConfiguration;
			baseConfigurationReference = 3A4A946510ED266A9FF50D22 /* Pods-GH Stargazers-GH StargazersUITests.release.xcconfig */;
			buildSettings = {
				ALWAYS_EMBED_SWIFT_STANDARD_LIBRARIES = YES;
				CODE_SIGN_STYLE = Automatic;
				DEVELOPMENT_TEAM = 6YGP3HBLG5;
				INFOPLIST_FILE = "GH StargazersUITests/Info.plist";
				LD_RUNPATH_SEARCH_PATHS = (
					"$(inherited)",
					"@executable_path/Frameworks",
					"@loader_path/Frameworks",
				);
				PRODUCT_BUNDLE_IDENTIFIER = "com.ecarnevale.GH-StargazersUITests";
				PRODUCT_NAME = "$(TARGET_NAME)";
				SWIFT_VERSION = 5.0;
				TARGETED_DEVICE_FAMILY = "1,2";
				TEST_TARGET_NAME = "GH Stargazers";
			};
			name = Release;
		};
/* End XCBuildConfiguration section */

/* Begin XCConfigurationList section */
		8884251D2533ADB60071D600 /* Build configuration list for PBXProject "GH Stargazers" */ = {
			isa = XCConfigurationList;
			buildConfigurations = (
				8884254A2533ADBC0071D600 /* Debug */,
				8884254B2533ADBC0071D600 /* Release */,
			);
			defaultConfigurationIsVisible = 0;
			defaultConfigurationName = Release;
		};
		8884254C2533ADBC0071D600 /* Build configuration list for PBXNativeTarget "GH Stargazers" */ = {
			isa = XCConfigurationList;
			buildConfigurations = (
				8884254D2533ADBC0071D600 /* Debug */,
				8884254E2533ADBC0071D600 /* Release */,
			);
			defaultConfigurationIsVisible = 0;
			defaultConfigurationName = Release;
		};
		8884254F2533ADBC0071D600 /* Build configuration list for PBXNativeTarget "GH StargazersTests" */ = {
			isa = XCConfigurationList;
			buildConfigurations = (
				888425502533ADBC0071D600 /* Debug */,
				888425512533ADBC0071D600 /* Release */,
			);
			defaultConfigurationIsVisible = 0;
			defaultConfigurationName = Release;
		};
		888425522533ADBC0071D600 /* Build configuration list for PBXNativeTarget "GH StargazersUITests" */ = {
			isa = XCConfigurationList;
			buildConfigurations = (
				888425532533ADBC0071D600 /* Debug */,
				888425542533ADBC0071D600 /* Release */,
			);
			defaultConfigurationIsVisible = 0;
			defaultConfigurationName = Release;
		};
/* End XCConfigurationList section */
	};
	rootObject = 8884251A2533ADB60071D600 /* Project object */;
}
